
Microsoft Visual Studio Solution File, Format Version 12.00
# Visual Studio Version 16
VisualStudioVersion = 16.0.29613.14
MinimumVisualStudioVersion = 10.0.40219.1
Project("{FAE04EC0-301F-11D3-BF4B-00C04F79EFBC}") = "WebApplication1", "WebApplication1\WebApplication1.csproj", "{42207F29-7461-422E-9736-1991FEBAD0C6}"
EndProject
Global
	GlobalSection(SolutionConfigurationPlatforms) = preSolution
		Debug|Any CPU = Debug|Any CPU
		Release|Any CPU = Release|Any CPU
	EndGlobalSection
	GlobalSection(ProjectConfigurationPlatforms) = postSolution
		{42207F29-7461-422E-9736-1991FEBAD0C6}.Debug|Any CPU.ActiveCfg = Debug|Any CPU
		{42207F29-7461-422E-9736-1991FEBAD0C6}.Debug|Any CPU.Build.0 = Debug|Any CPU
		{42207F29-7461-422E-9736-1991FEBAD0C6}.Release|Any CPU.ActiveCfg = Release|Any CPU
		{42207F29-7461-422E-9736-1991FEBAD0C6}.Release|Any CPU.Build.0 = Release|Any CPU
	EndGlobalSection
	GlobalSection(SolutionProperties) = preSolution
		HideSolutionNode = FALSE
	EndGlobalSection
	GlobalSection(ExtensibilityGlobals) = postSolution
		SolutionGuid = {042AC185-4D99-4689-A7EC-ACD50E5934D4}
	EndGlobalSection
EndGlobal
